
Microsoft Visual Studio Solution File, Format Version 12.00
# Visual Studio 2013
VisualStudioVersion = 12.0.21005.1
MinimumVisualStudioVersion = 10.0.40219.1
Project("{FAE04EC0-301F-11D3-BF4B-00C04F79EFBC}") = "ServiceLibrary", "ServiceLibrary\ServiceLibrary.csproj", "{15B3E0D2-6217-493A-A690-158C497F5318}"
	ProjectSection(ProjectDependencies) = postProject
		{39853D47-541F-4109-9CB8-40CB3F3F8F7D} = {39853D47-541F-4109-9CB8-40CB3F3F8F7D}
	EndProjectSection
EndProject
Project("{FAE04EC0-301F-11D3-BF4B-00C04F79EFBC}") = "Kliens", "Kliens\Kliens.csproj", "{5632ABC5-D648-4791-8179-0FDDBAC4B565}"
EndProject
Project("{FAE04EC0-301F-11D3-BF4B-00C04F79EFBC}") = "WebAlkalmazas", "WebApp\WebAlkalmazas.csproj", "{87BEFA92-B27C-4754-AB5D-F9AB213308EE}"
EndProject
Project("{FAE04EC0-301F-11D3-BF4B-00C04F79EFBC}") = "AlkalmazasSzerver", "AlkalmazasSzerver\AlkalmazasSzerver.csproj", "{41F925C4-A7A9-47FB-9E1A-1640EAC8C873}"
EndProject
Project("{FAE04EC0-301F-11D3-BF4B-00C04F79EFBC}") = "IQUtil", "IQUtil\IQUtil.csproj", "{39853D47-541F-4109-9CB8-40CB3F3F8F7D}"
EndProject
Global
	GlobalSection(SolutionConfigurationPlatforms) = preSolution
		Debug|Any CPU = Debug|Any CPU
		Release|Any CPU = Release|Any CPU
	EndGlobalSection
	GlobalSection(ProjectConfigurationPlatforms) = postSolution
		{15B3E0D2-6217-493A-A690-158C497F5318}.Debug|Any CPU.ActiveCfg = Debug|Any CPU
		{15B3E0D2-6217-493A-A690-158C497F5318}.Debug|Any CPU.Build.0 = Debug|Any CPU
		{15B3E0D2-6217-493A-A690-158C497F5318}.Release|Any CPU.ActiveCfg = Release|Any CPU
		{15B3E0D2-6217-493A-A690-158C497F5318}.Release|Any CPU.Build.0 = Release|Any CPU
		{5632ABC5-D648-4791-8179-0FDDBAC4B565}.Debug|Any CPU.ActiveCfg = Debug|Any CPU
		{5632ABC5-D648-4791-8179-0FDDBAC4B565}.Debug|Any CPU.Build.0 = Debug|Any CPU
		{5632ABC5-D648-4791-8179-0FDDBAC4B565}.Release|Any CPU.ActiveCfg = Release|Any CPU
		{5632ABC5-D648-4791-8179-0FDDBAC4B565}.Release|Any CPU.Build.0 = Release|Any CPU
		{87BEFA92-B27C-4754-AB5D-F9AB213308EE}.Debug|Any CPU.ActiveCfg = Debug|Any CPU
		{87BEFA92-B27C-4754-AB5D-F9AB213308EE}.Debug|Any CPU.Build.0 = Debug|Any CPU
		{87BEFA92-B27C-4754-AB5D-F9AB213308EE}.Release|Any CPU.ActiveCfg = Release|Any CPU
		{87BEFA92-B27C-4754-AB5D-F9AB213308EE}.Release|Any CPU.Build.0 = Release|Any CPU
		{41F925C4-A7A9-47FB-9E1A-1640EAC8C873}.Debug|Any CPU.ActiveCfg = Debug|Any CPU
		{41F925C4-A7A9-47FB-9E1A-1640EAC8C873}.Debug|Any CPU.Build.0 = Debug|Any CPU
		{41F925C4-A7A9-47FB-9E1A-1640EAC8C873}.Release|Any CPU.ActiveCfg = Release|Any CPU
		{41F925C4-A7A9-47FB-9E1A-1640EAC8C873}.Release|Any CPU.Build.0 = Release|Any CPU
		{39853D47-541F-4109-9CB8-40CB3F3F8F7D}.Debug|Any CPU.ActiveCfg = Debug|Any CPU
		{39853D47-541F-4109-9CB8-40CB3F3F8F7D}.Debug|Any CPU.Build.0 = Debug|Any CPU
		{39853D47-541F-4109-9CB8-40CB3F3F8F7D}.Release|Any CPU.ActiveCfg = Release|Any CPU
		{39853D47-541F-4109-9CB8-40CB3F3F8F7D}.Release|Any CPU.Build.0 = Release|Any CPU
	EndGlobalSection
	GlobalSection(SolutionProperties) = preSolution
		HideSolutionNode = FALSE
	EndGlobalSection
EndGlobal
